// !$*UTF8*$!
{
	archiveVersion = 1;
	classes = {
	};
	objectVersion = 46;
	objects = {

/* Begin PBXBuildFile section */
		EFBFC48E16DDD37C006A91D8 /* UIKit.framework in Frameworks */ = {isa = PBXBuildFile; fileRef = EFBFC48D16DDD37C006A91D8 /* UIKit.framework */; };
		EFBFC49016DDD37C006A91D8 /* Foundation.framework in Frameworks */ = {isa = PBXBuildFile; fileRef = EFBFC48F16DDD37C006A91D8 /* Foundation.framework */; };
		EFBFC49216DDD37C006A91D8 /* CoreGraphics.framework in Frameworks */ = {isa = PBXBuildFile; fileRef = EFBFC49116DDD37C006A91D8 /* CoreGraphics.framework */; };
		EFBFC49816DDD37C006A91D8 /* InfoPlist.strings in Resources */ = {isa = PBXBuildFile; fileRef = EFBFC49616DDD37C006A91D8 /* InfoPlist.strings */; };
		EFBFC49A16DDD37C006A91D8 /* main.m in Sources */ = {isa = PBXBuildFile; fileRef = EFBFC49916DDD37C006A91D8 /* main.m */; };
		EFBFC49E16DDD37C006A91D8 /* AppDelegate.m in Sources */ = {isa = PBXBuildFile; fileRef = EFBFC49D16DDD37C006A91D8 /* AppDelegate.m */; };
		EFBFC4A016DDD37C006A91D8 /* Default.png in Resources */ = {isa = PBXBuildFile; fileRef = EFBFC49F16DDD37C006A91D8 /* Default.png */; };
		EFBFC4A216DDD37C006A91D8 /* Default@2x.png in Resources */ = {isa = PBXBuildFile; fileRef = EFBFC4A116DDD37C006A91D8 /* Default@2x.png */; };
		EFBFC4A416DDD37C006A91D8 /* Default-568h@2x.png in Resources */ = {isa = PBXBuildFile; fileRef = EFBFC4A316DDD37C006A91D8 /* Default-568h@2x.png */; };
		EFBFC4A716DDD37C006A91D8 /* ViewController.m in Sources */ = {isa = PBXBuildFile; fileRef = EFBFC4A616DDD37C006A91D8 /* ViewController.m */; };
		EFBFC4AA16DDD37C006A91D8 /* ViewController.xib in Resources */ = {isa = PBXBuildFile; fileRef = EFBFC4A816DDD37C006A91D8 /* ViewController.xib */; };
/* End PBXBuildFile section */

/* Begin PBXFileReference section */
		EFBFC48A16DDD37C006A91D8 /* Hello World.app */ = {isa = PBXFileReference; explicitFileType = wrapper.application; includeInIndex = 0; path = "Hello World.app"; sourceTree = BUILT_PRODUCTS_DIR; };
		EFBFC48D16DDD37C006A91D8 /* UIKit.framework */ = {isa = PBXFileReference; lastKnownFileType = wrapper.framework; name = UIKit.framework; path = System/Library/Frameworks/UIKit.framework; sourceTree = SDKROOT; };
		EFBFC48F16DDD37C006A91D8 /* Foundation.framework */ = {isa = PBXFileReference; lastKnownFileType = wrapper.framework; name = Foundation.framework; path = System/Library/Frameworks/Foundation.framework; sourceTree = SDKROOT; };
		EFBFC49116DDD37C006A91D8 /* CoreGraphics.framework */ = {isa = PBXFileReference; lastKnownFileType = wrapper.framework; name = CoreGraphics.framework; path = System/Library/Frameworks/CoreGraphics.framework; sourceTree = SDKROOT; };
		EFBFC49516DDD37C006A91D8 /* Hello World-Info.plist */ = {isa = PBXFileReference; lastKnownFileType = text.plist.xml; path = "Hello World-Info.plist"; sourceTree = "<group>"; };
		EFBFC49716DDD37C006A91D8 /* en */ = {isa = PBXFileReference; lastKnownFileType = text.plist.strings; name = en; path = en.lproj/InfoPlist.strings; sourceTree = "<group>"; };
		EFBFC49916DDD37C006A91D8 /* main.m */ = {isa = PBXFileReference; lastKnownFileType = sourcecode.c.objc; path = main.m; sourceTree = "<group>"; };
		EFBFC49B16DDD37C006A91D8 /* Hello World-Prefix.pch */ = {isa = PBXFileReference; lastKnownFileType = sourcecode.c.h; path = "Hello World-Prefix.pch"; sourceTree = "<group>"; };
		EFBFC49C16DDD37C006A91D8 /* AppDelegate.h */ = {isa = PBXFileReference; lastKnownFileType = sourcecode.c.h; path = AppDelegate.h; sourceTree = "<group>"; };
		EFBFC49D16DDD37C006A91D8 /* AppDelegate.m */ = {isa = PBXFileReference; lastKnownFileType = sourcecode.c.objc; path = AppDelegate.m; sourceTree = "<group>"; };
		EFBFC49F16DDD37C006A91D8 /* Default.png */ = {isa = PBXFileReference; lastKnownFileType = image.png; path = Default.png; sourceTree = "<group>"; };
		EFBFC4A116DDD37C006A91D8 /* Default@2x.png */ = {isa = PBXFileReference; lastKnownFileType = image.png; path = "Default@2x.png"; sourceTree = "<group>"; };
		EFBFC4A316DDD37C006A91D8 /* Default-568h@2x.png */ = {isa = PBXFileReference; lastKnownFileType = image.png; path = "Default-568h@2x.png"; sourceTree = "<group>"; };
		EFBFC4A516DDD37C006A91D8 /* ViewController.h */ = {isa = PBXFileReference; lastKnownFileType = sourcecode.c.h; path = ViewController.h; sourceTree = "<group>"; };
		EFBFC4A616DDD37C006A91D8 /* ViewController.m */ = {isa = PBXFileReference; lastKnownFileType = sourcecode.c.objc; path = ViewController.m; sourceTree = "<group>"; };
		EFBFC4A916DDD37C006A91D8 /* en */ = {isa = PBXFileReference; lastKnownFileType = file.xib; name = en; path = en.lproj/ViewController.xib; sourceTree = "<group>"; };
/* End PBXFileReference section */

/* Begin PBXFrameworksBuildPhase section */
		EFBFC48716DDD37C006A91D8 /* Frameworks */ = {
			isa = PBXFrameworksBuildPhase;
			buildActionMask = 2147483647;
			files = (
				EFBFC48E16DDD37C006A91D8 /* UIKit.framework in Frameworks */,
				EFBFC49016DDD37C006A91D8 /* Foundation.framework in Frameworks */,
				EFBFC49216DDD37C006A91D8 /* CoreGraphics.framework in Frameworks */,
			);
			runOnlyForDeploymentPostprocessing = 0;
		};
/* End PBXFrameworksBuildPhase section */

/* Begin PBXGroup section */
		EFBFC48116DDD37B006A91D8 = {
			isa = PBXGroup;
			children = (
				EFBFC49316DDD37C006A91D8 /* Hello World */,
				EFBFC48C16DDD37C006A91D8 /* Frameworks */,
				EFBFC48B16DDD37C006A91D8 /* Products */,
			);
			sourceTree = "<group>";
		};
		EFBFC48B16DDD37C006A91D8 /* Products */ = {
			isa = PBXGroup;
			children = (
				EFBFC48A16DDD37C006A91D8 /* Hello World.app */,
			);
			name = Products;
			sourceTree = "<group>";
		};
		EFBFC48C16DDD37C006A91D8 /* Frameworks */ = {
			isa = PBXGroup;
			children = (
				EFBFC48D16DDD37C006A91D8 /* UIKit.framework */,
				EFBFC48F16DDD37C006A91D8 /* Foundation.framework */,
				EFBFC49116DDD37C006A91D8 /* CoreGraphics.framework */,
			);
			name = Frameworks;
			sourceTree = "<group>";
		};
		EFBFC49316DDD37C006A91D8 /* Hello World */ = {
			isa = PBXGroup;
			children = (
				EFBFC49C16DDD37C006A91D8 /* AppDelegate.h */,
				EFBFC49D16DDD37C006A91D8 /* AppDelegate.m */,
				EFBFC4A516DDD37C006A91D8 /* ViewController.h */,
				EFBFC4A616DDD37C006A91D8 /* ViewController.m */,
				EFBFC4A816DDD37C006A91D8 /* ViewController.xib */,
				EFBFC49416DDD37C006A91D8 /* Supporting Files */,
			);
			path = "Hello World";
			sourceTree = "<group>";
		};
		EFBFC49416DDD37C006A91D8 /* Supporting Files */ = {
			isa = PBXGroup;
			children = (
				EFBFC49516DDD37C006A91D8 /* Hello World-Info.plist */,
				EFBFC49616DDD37C006A91D8 /* InfoPlist.strings */,
				EFBFC49916DDD37C006A91D8 /* main.m */,
				EFBFC49B16DDD37C006A91D8 /* Hello World-Prefix.pch */,
				EFBFC49F16DDD37C006A91D8 /* Default.png */,
				EFBFC4A116DDD37C006A91D8 /* Default@2x.png */,
				EFBFC4A316DDD37C006A91D8 /* Default-568h@2x.png */,
			);
			name = "Supporting Files";
			sourceTree = "<group>";
		};
/* End PBXGroup section */

/* Begin PBXNativeTarget section */
		EFBFC48916DDD37C006A91D8 /* Hello World */ = {
			isa = PBXNativeTarget;
			buildConfigurationList = EFBFC4AD16DDD37C006A91D8 /* Build configuration list for PBXNativeTarget "Hello World" */;
			buildPhases = (
				EFBFC48616DDD37C006A91D8 /* Sources */,
				EFBFC48716DDD37C006A91D8 /* Frameworks */,
				EFBFC48816DDD37C006A91D8 /* Resources */,
			);
			buildRules = (
			);
			dependencies = (
			);
			name = "Hello World";
			productName = "Hello World";
			productReference = EFBFC48A16DDD37C006A91D8 /* Hello World.app */;
			productType = "com.apple.product-type.application";
		};
/* End PBXNativeTarget section */

/* Begin PBXProject section */
		EFBFC48216DDD37B006A91D8 /* Project object */ = {
			isa = PBXProject;
			attributes = {
				LastUpgradeCheck = 0460;
				ORGANIZATIONNAME = "Chanjet MAC book";
			};
			buildConfigurationList = EFBFC48516DDD37B006A91D8 /* Build configuration list for PBXProject "Hello World" */;
			compatibilityVersion = "Xcode 3.2";
			developmentRegion = English;
			hasScannedForEncodings = 0;
			knownRegions = (
				en,
			);
			mainGroup = EFBFC48116DDD37B006A91D8;
			productRefGroup = EFBFC48B16DDD37C006A91D8 /* Products */;
			projectDirPath = "";
			projectRoot = "";
			targets = (
				EFBFC48916DDD37C006A91D8 /* Hello World */,
			);
		};
/* End PBXProject section */

/* Begin PBXResourcesBuildPhase section */
		EFBFC48816DDD37C006A91D8 /* Resources */ = {
			isa = PBXResourcesBuildPhase;
			buildActionMask = 2147483647;
			files = (
				EFBFC49816DDD37C006A91D8 /* InfoPlist.strings in Resources */,
				EFBFC4A016DDD37C006A91D8 /* Default.png in Resources */,
				EFBFC4A216DDD37C006A91D8 /* Default@2x.png in Resources */,
				EFBFC4A416DDD37C006A91D8 /* Default-568h@2x.png in Resources */,
				EFBFC4AA16DDD37C006A91D8 /* ViewController.xib in Resources */,
			);
			runOnlyForDeploymentPostprocessing = 0;
		};
/* End PBXResourcesBuildPhase section */

/* Begin PBXSourcesBuildPhase section */
		EFBFC48616DDD37C006A91D8 /* Sources */ = {
			isa = PBXSourcesBuildPhase;
			buildActionMask = 2147483647;
			files = (
				EFBFC49A16DDD37C006A91D8 /* main.m in Sources */,
				EFBFC49E16DDD37C006A91D8 /* AppDelegate.m in Sources */,
				EFBFC4A716DDD37C006A91D8 /* ViewController.m in Sources */,
			);
			runOnlyForDeploymentPostprocessing = 0;
		};
/* End PBXSourcesBuildPhase section */

/* Begin PBXVariantGroup section */
		EFBFC49616DDD37C006A91D8 /* InfoPlist.strings */ = {
			isa = PBXVariantGroup;
			children = (
				EFBFC49716DDD37C006A91D8 /* en */,
			);
			name = InfoPlist.strings;
			sourceTree = "<group>";
		};
		EFBFC4A816DDD37C006A91D8 /* ViewController.xib */ = {
			isa = PBXVariantGroup;
			children = (
				EFBFC4A916DDD37C006A91D8 /* en */,
			);
			name = ViewController.xib;
			sourceTree = "<group>";
		};
/* End PBXVariantGroup section */

/* Begin XCBuildConfiguration section */
		EFBFC4AB16DDD37C006A91D8 /* Debug */ = {
			isa = XCBuildConfiguration;
			buildSettings = {
				ALWAYS_SEARCH_USER_PATHS = NO;
				CLANG_CXX_LANGUAGE_STANDARD = "gnu++0x";
				CLANG_CXX_LIBRARY = "libc++";
				CLANG_ENABLE_OBJC_ARC = YES;
				CLANG_WARN_CONSTANT_CONVERSION = YES;
				CLANG_WARN_EMPTY_BODY = YES;
				CLANG_WARN_ENUM_CONVERSION = YES;
				CLANG_WARN_INT_CONVERSION = YES;
				CLANG_WARN__DUPLICATE_METHOD_MATCH = YES;
				"CODE_SIGN_IDENTITY[sdk=iphoneos*]" = "iPhone Developer";
				COPY_PHASE_STRIP = NO;
				GCC_C_LANGUAGE_STANDARD = gnu99;
				GCC_DYNAMIC_NO_PIC = NO;
				GCC_OPTIMIZATION_LEVEL = 0;
				GCC_PREPROCESSOR_DEFINITIONS = (
					"DEBUG=1",
					"$(inherited)",
				);
				GCC_SYMBOLS_PRIVATE_EXTERN = NO;
				GCC_WARN_ABOUT_RETURN_TYPE = YES;
				GCC_WARN_UNINITIALIZED_AUTOS = YES;
				GCC_WARN_UNUSED_VARIABLE = YES;
				IPHONEOS_DEPLOYMENT_TARGET = 6.1;
				ONLY_ACTIVE_ARCH = YES;
				SDKROOT = iphoneos;
			};
			name = Debug;
		};
		EFBFC4AC16DDD37C006A91D8 /* Release */ = {
			isa = XCBuildConfiguration;
			buildSettings = {
				ALWAYS_SEARCH_USER_PATHS = NO;
				CLANG_CXX_LANGUAGE_STANDARD = "gnu++0x";
				CLANG_CXX_LIBRARY = "libc++";
				CLANG_ENABLE_OBJC_ARC = YES;
				CLANG_WARN_CONSTANT_CONVERSION = YES;
				CLANG_WARN_EMPTY_BODY = YES;
				CLANG_WARN_ENUM_CONVERSION = YES;
				CLANG_WARN_INT_CONVERSION = YES;
				CLANG_WARN__DUPLICATE_METHOD_MATCH = YES;
				"CODE_SIGN_IDENTITY[sdk=iphoneos*]" = "iPhone Developer";
				COPY_PHASE_STRIP = YES;
				GCC_C_LANGUAGE_STANDARD = gnu99;
				GCC_WARN_ABOUT_RETURN_TYPE = YES;
				GCC_WARN_UNINITIALIZED_AUTOS = YES;
				GCC_WARN_UNUSED_VARIABLE = YES;
				IPHONEOS_DEPLOYMENT_TARGET = 6.1;
				OTHER_CFLAGS = "-DNS_BLOCK_ASSERTIONS=1";
				SDKROOT = iphoneos;
				VALIDATE_PRODUCT = YES;
			};
			name = Release;
		};
		EFBFC4AE16DDD37C006A91D8 /* Debug */ = {
			isa = XCBuildConfiguration;
			buildSettings = {
				GCC_PRECOMPILE_PREFIX_HEADER = YES;
				GCC_PREFIX_HEADER = "Hello World/Hello World-Prefix.pch";
				INFOPLIST_FILE = "Hello World/Hello World-Info.plist";
				PRODUCT_NAME = "$(TARGET_NAME)";
				WRAPPER_EXTENSION = app;
			};
			name = Debug;
		};
		EFBFC4AF16DDD37C006A91D8 /* Release */ = {
			isa = XCBuildConfiguration;
			buildSettings = {
				GCC_PRECOMPILE_PREFIX_HEADER = YES;
				GCC_PREFIX_HEADER = "Hello World/Hello World-Prefix.pch";
				INFOPLIST_FILE = "Hello World/Hello World-Info.plist";
				PRODUCT_NAME = "$(TARGET_NAME)";
				WRAPPER_EXTENSION = app;
			};
			name = Release;
		};
/* End XCBuildConfiguration section */

/* Begin XCConfigurationList section */
		EFBFC48516DDD37B006A91D8 /* Build configuration list for PBXProject "Hello World" */ = {
			isa = XCConfigurationList;
			buildConfigurations = (
				EFBFC4AB16DDD37C006A91D8 /* Debug */,
				EFBFC4AC16DDD37C006A91D8 /* Release */,
			);
			defaultConfigurationIsVisible = 0;
			defaultConfigurationName = Release;
		};
		EFBFC4AD16DDD37C006A91D8 /* Build configuration list for PBXNativeTarget "Hello World" */ = {
			isa = XCConfigurationList;
			buildConfigurations = (
				EFBFC4AE16DDD37C006A91D8 /* Debug */,
				EFBFC4AF16DDD37C006A91D8 /* Release */,
			);
			defaultConfigurationIsVisible = 0;
		};
/* End XCConfigurationList section */
	};
	rootObject = EFBFC48216DDD37B006A91D8 /* Project object */;
}
